<?xml version="1.0" encoding="utf-8"?>
<Project ToolsVersion="4.0" xmlns="http://schemas.microsoft.com/developer/msbuild/2003">
  <ItemGroup>
    <Filter Include="Source Files">
      <UniqueIdentifier>{4FC737F1-C7A5-4376-A066-2A32D752A2FF}</UniqueIdentifier>
      <Extensions>cpp;c;cc;cxx;c++;cppm;ixx;def;odl;idl;hpj;bat;asm;asmx</Extensions>
    </Filter>
    <Filter Include="Header Files">
      <UniqueIdentifier>{93995380-89BD-4b04-88EB-625FBE52EBFB}</UniqueIdentifier>
      <Extensions>h;hh;hpp;hxx;h++;hm;inl;inc;ipp;xsd</Extensions>
    </Filter>
    <Filter Include="Resource Files">
      <UniqueIdentifier>{67DA6AB6-F800-4c08-8B7A-83BB121AAD01}</UniqueIdentifier>
      <Extensions>rc;ico;cur;bmp;dlg;rc2;rct;bin;rgs;gif;jpg;jpeg;jpe;resx;tiff;tif;png;wav;mfcribbon-ms</Extensions>
    </Filter>
  </ItemGroup>
  <ItemGroup>
    <ClCompile Include="qhenkiX\application.cpp">
      <Filter>Source Files</Filter>
    </ClCompile>
    <ClCompile Include="qhenkiX\graphics\displaywindow.cpp">
      <Filter>Source Files</Filter>
    </ClCompile>
    <ClCompile Include="qhenkiX\graphics\d3d11\d3d11_shader.cpp">
      <Filter>Source Files</Filter>
    </ClCompile>
    <ClCompile Include="qhenkiX\graphics\d3d11\d3d11_context.cpp">
      <Filter>Source Files</Filter>
    </ClCompile>
    <ClCompile Include="qhenkiX\graphics\d3d11\d3d11_layout_assembler.cpp">
      <Filter>Source Files</Filter>
    </ClCompile>
    <ClCompile Include="qhenkiX\graphics\camera.cpp">
      <Filter>Source Files</Filter>
    </ClCompile>
    <ClCompile Include="qhenkiX\graphics\orthographic_camera.cpp">
      <Filter>Source Files</Filter>
    </ClCompile>
    <ClCompile Include="qhenkiX\graphics\2d\spritebatch.cpp">
      <Filter>Source Files</Filter>
    </ClCompile>
    <ClCompile Include="qhenkiX\util\viewport\viewport.cpp">
      <Filter>Source Files</Filter>
    </ClCompile>
    <ClCompile Include="qhenkiX\util\viewport\scaling_viewport.cpp">
      <Filter>Source Files</Filter>
    </ClCompile>
    <ClCompile Include="qhenkiX\graphics\mesh.cpp">
      <Filter>Source Files</Filter>
    </ClCompile>
    <ClCompile Include="qhenkiX\graphics\d3d11\d3d11_swapchain.cpp">
      <Filter>Source Files</Filter>
    </ClCompile>
    <ClCompile Include="qhenkiX\graphics\d3d11\d3d11_pipeline.cpp">
      <Filter>Source Files</Filter>
    </ClCompile>
    <ClCompile Include="qhenkiX\graphics\d3d12\d3d12_context.cpp">
      <Filter>Source Files</Filter>
    </ClCompile>
    <ClCompile Include="src\D3D12MemAlloc.cpp">
      <Filter>Source Files</Filter>
    </ClCompile>
    <ClCompile Include="qhenkiX\graphics\d3d12\d3d12_heap.cpp">
      <Filter>Source Files</Filter>
    </ClCompile>
  </ItemGroup>
  <ItemGroup>
    <CopyFileToFolders Include="SDL2-2.30.7\lib\x64\SDL2.dll" />
  </ItemGroup>
  <ItemGroup>
    <ClInclude Include="qhenkiX\application.h">
      <Filter>Header Files</Filter>
    </ClInclude>
    <ClInclude Include="qhenkiX\graphics\displaywindow.h">
      <Filter>Header Files</Filter>
    </ClInclude>
    <ClInclude Include="qhenkiX\graphics\d3d11\d3d11_shader.h">
      <Filter>Header Files</Filter>
    </ClInclude>
    <ClInclude Include="qhenkiX\graphics\d3d11\d3d11_context.h">
      <Filter>Header Files</Filter>
    </ClInclude>
    <ClInclude Include="qhenkiX\graphics\d3d11\d3d11_layout_assembler.h">
      <Filter>Header Files</Filter>
    </ClInclude>
    <ClInclude Include="qhenkiX\graphics\camera.h">
      <Filter>Header Files</Filter>
    </ClInclude>
    <ClInclude Include="qhenkiX\graphics\orthographic_camera.h">
      <Filter>Header Files</Filter>
    </ClInclude>
    <ClInclude Include="qhenkiX\graphics\2d\spritebatch.h">
      <Filter>Header Files</Filter>
    </ClInclude>
    <ClInclude Include="qhenkiX\util\viewport\viewport.h">
      <Filter>Header Files</Filter>
    </ClInclude>
    <ClInclude Include="qhenkiX\util\scaling.h">
      <Filter>Header Files</Filter>
    </ClInclude>
    <ClInclude Include="qhenkiX\util\viewport\scaling_viewport.h">
      <Filter>Header Files</Filter>
    </ClInclude>
    <ClInclude Include="qhenkiX\util\viewport\fit_viewport.h">
      <Filter>Header Files</Filter>
    </ClInclude>
    <ClInclude Include="qhenkiX\graphics\qhenki\buffer.h">
      <Filter>Header Files</Filter>
    </ClInclude>
    <ClInclude Include="qhenkiX\graphics\d3d11\d3d11_buffer.h">
      <Filter>Header Files</Filter>
    </ClInclude>
    <ClInclude Include="include\smartpointer.h">
      <Filter>Header Files</Filter>
    </ClInclude>
    <ClInclude Include="qhenkiX\graphics\mesh.h">
      <Filter>Header Files</Filter>
    </ClInclude>
    <ClInclude Include="qhenkiX\graphics\qhenki\context.h">
      <Filter>Header Files</Filter>
    </ClInclude>
    <ClInclude Include="qhenkiX\graphics\qhenki\swapchain.h">
      <Filter>Header Files</Filter>
    </ClInclude>
    <ClInclude Include="qhenkiX\graphics\qhenki\disposable.h">
      <Filter>Header Files</Filter>
    </ClInclude>
    <ClInclude Include="qhenkiX\graphics\qhenki\shader.h">
      <Filter>Header Files</Filter>
    </ClInclude>
    <ClInclude Include="qhenkiX\graphics\qhenki\pipeline.h">
      <Filter>Header Files</Filter>
    </ClInclude>
    <ClInclude Include="qhenkiX\graphics\d3d11\d3d11_swapchain.h">
      <Filter>Header Files</Filter>
    </ClInclude>
    <ClInclude Include="qhenkiX\graphics\d3d11\d3d11_pipeline.h">
      <Filter>Header Files</Filter>
    </ClInclude>
    <ClInclude Include="qhenkiX\graphics\qhenki\command_list.h">
      <Filter>Header Files</Filter>
    </ClInclude>
    <ClInclude Include="qhenkiX\graphics\qhenki\render_target.h">
      <Filter>Header Files</Filter>
    </ClInclude>
    <ClInclude Include="qhenkiX\graphics\d3d12\d3d12_context.h">
      <Filter>Header Files</Filter>
    </ClInclude>
    <ClInclude Include="include\D3D12MemAlloc.h">
      <Filter>Header Files</Filter>
    </ClInclude>
    <ClInclude Include="qhenkiX\graphics\d3d12\d3d12_heap.h">
      <Filter>Header Files</Filter>
    </ClInclude>
    <ClInclude Include="include\boost\config.hpp">
      <Filter>Header Files</Filter>
    </ClInclude>
    <ClInclude Include="include\boost\limits.hpp">
      <Filter>Header Files</Filter>
    </ClInclude>
    <ClInclude Include="include\boost\assert.hpp">
      <Filter>Header Files</Filter>
    </ClInclude>
    <ClInclude Include="include\boost\cstdint.hpp">
      <Filter>Header Files</Filter>
    </ClInclude>
    <ClInclude Include="include\boost\integer_fwd.hpp">
      <Filter>Header Files</Filter>
    </ClInclude>
    <ClInclude Include="include\boost\version.hpp">
      <Filter>Header Files</Filter>
    </ClInclude>
    <ClInclude Include="include\boost\config\abi_prefix.hpp">
      <Filter>Header Files</Filter>
    </ClInclude>
    <ClInclude Include="include\boost\config\abi_suffix.hpp">
      <Filter>Header Files</Filter>
    </ClInclude>
    <ClInclude Include="include\boost\config\assert_cxx03.hpp">
      <Filter>Header Files</Filter>
    </ClInclude>
    <ClInclude Include="include\boost\config\assert_cxx11.hpp">
      <Filter>Header Files</Filter>
    </ClInclude>
    <ClInclude Include="include\boost\config\assert_cxx14.hpp">
      <Filter>Header Files</Filter>
    </ClInclude>
    <ClInclude Include="include\boost\config\assert_cxx17.hpp">
      <Filter>Header Files</Filter>
    </ClInclude>
    <ClInclude Include="include\boost\config\assert_cxx20.hpp">
      <Filter>Header Files</Filter>
    </ClInclude>
    <ClInclude Include="include\boost\config\assert_cxx23.hpp">
      <Filter>Header Files</Filter>
    </ClInclude>
    <ClInclude Include="include\boost\config\assert_cxx98.hpp">
      <Filter>Header Files</Filter>
    </ClInclude>
    <ClInclude Include="include\boost\config\auto_link.hpp">
      <Filter>Header Files</Filter>
    </ClInclude>
    <ClInclude Include="include\boost\config\header_deprecated.hpp">
      <Filter>Header Files</Filter>
    </ClInclude>
    <ClInclude Include="include\boost\config\helper_macros.hpp">
      <Filter>Header Files</Filter>
    </ClInclude>
    <ClInclude Include="include\boost\config\pragma_message.hpp">
      <Filter>Header Files</Filter>
    </ClInclude>
    <ClInclude Include="include\boost\config\requires_threads.hpp">
      <Filter>Header Files</Filter>
    </ClInclude>
    <ClInclude Include="include\boost\config\user.hpp">
      <Filter>Header Files</Filter>
    </ClInclude>
    <ClInclude Include="include\boost\config\warning_disable.hpp">
      <Filter>Header Files</Filter>
    </ClInclude>
    <ClInclude Include="include\boost\config\workaround.hpp">
      <Filter>Header Files</Filter>
    </ClInclude>
    <ClInclude Include="qhenkiX\graphics\qhenki\queue.h">
      <Filter>Header Files</Filter>
    </ClInclude>
    <ClInclude Include="qhenkiX\graphics\qhenki\command_pool.h">
      <Filter>Header Files</Filter>
    </ClInclude>
    <ClInclude Include="qhenkiX\graphics\d3d12\d3d12_pipeline.h">
      <Filter>Header Files</Filter>
    </ClInclude>
    <ClInclude Include="qhenkiX\graphics\d3d_shared\d3d_macros.h">
      <Filter>Header Files</Filter>
    </ClInclude>
  </ItemGroup>
  <ItemGroup>
    <FxCompile Include="base-shaders\BaseShader.vs.hlsl" />
    <FxCompile Include="base-shaders\BaseShader.ps.hlsl" />
  </ItemGroup>
</Project>